# THIS IS AN AUTOGENERATED FILE. DO NOT EDIT THIS FILE DIRECTLY.
# yarn lockfile v1


"@trpc/client@^10.38.5":
  version "10.38.5"
  resolved "https://registry.npmjs.org/@trpc/client/-/client-10.38.5.tgz"
  integrity sha512-tpGUsoAP+3CD/1KRqMdWZ+zebvB68/86SaVPAYHaEDozTFLQdNqTe98DS/T0S4hfh7WCKbMSObj40SCzE8amKQ==

"@trpc/server@^10.38.5", "@trpc/server@10.38.5":
  version "10.38.5"
  resolved "https://registry.npmjs.org/@trpc/server/-/server-10.38.5.tgz"
  integrity sha512-J0d2Y3Gpt2bMohOshPBfuzDqVrPaE3OKEDtJYgTmLk5t1pZy3kXHQep4rP2LEIr+ELbmkelhcrSvvFLA+4/w/Q==

zod@^3.22.3:
  version "3.22.3"
  resolved "https://registry.npmjs.org/zod/-/zod-3.22.3.tgz"
  integrity sha512-EjIevzuJRiRPbVH4mGc8nApb/lVLKVpmUhAaR5R5doKGfAnGJ6Gr3CViAVjP+4FWSxCsybeWQdcgCtbX+7oZug==
